
Microsoft Visual Studio Solution File, Format Version 12.00
# Visual Studio Version 17
VisualStudioVersion = 17.3.32901.215
MinimumVisualStudioVersion = 10.0.40219.1
Project("{FAE04EC0-301F-11D3-BF4B-00C04F79EFBC}") = "WpfApp1", "WpfApp1\WpfApp1.csproj", "{12BB4BD4-FDE0-40C7-9980-92456A9A5EB7}"
EndProject
Global
	GlobalSection(SolutionConfigurationPlatforms) = preSolution
		Debug|Any CPU = Debug|Any CPU
		Release|Any CPU = Release|Any CPU
	EndGlobalSection
	GlobalSection(ProjectConfigurationPlatforms) = postSolution
		{12BB4BD4-FDE0-40C7-9980-92456A9A5EB7}.Debug|Any CPU.ActiveCfg = Debug|Any CPU
		{12BB4BD4-FDE0-40C7-9980-92456A9A5EB7}.Debug|Any CPU.Build.0 = Debug|Any CPU
		{12BB4BD4-FDE0-40C7-9980-92456A9A5EB7}.Release|Any CPU.ActiveCfg = Release|Any CPU
		{12BB4BD4-FDE0-40C7-9980-92456A9A5EB7}.Release|Any CPU.Build.0 = Release|Any CPU
	EndGlobalSection
	GlobalSection(SolutionProperties) = preSolution
		HideSolutionNode = FALSE
	EndGlobalSection
	GlobalSection(ExtensibilityGlobals) = postSolution
		SolutionGuid = {BCED0879-7910-4790-AFF5-F6C254F71B95}
	EndGlobalSection
EndGlobal
