
Microsoft Visual Studio Solution File, Format Version 12.00
# Visual Studio Version 17
VisualStudioVersion = 17.3.32901.215
MinimumVisualStudioVersion = 10.0.40219.1
Project("{FAE04EC0-301F-11D3-BF4B-00C04F79EFBC}") = "WzUXRibbon", "WzUXRibbon\WzUXRibbon.csproj", "{17317D1D-D68E-4D60-8897-068A92703E3F}"
EndProject
Project("{FAE04EC0-301F-11D3-BF4B-00C04F79EFBC}") = "WzUXRibbonTest", "WzUXRibbonTest\WzUXRibbonTest.csproj", "{D7BE7869-945D-432B-A702-48EC591D4FD5}"
	ProjectSection(ProjectDependencies) = postProject
		{17317D1D-D68E-4D60-8897-068A92703E3F} = {17317D1D-D68E-4D60-8897-068A92703E3F}
	EndProjectSection
EndProject
Global
	GlobalSection(SolutionConfigurationPlatforms) = preSolution
		Debug|x64 = Debug|x64
		Release|x64 = Release|x64
	EndGlobalSection
	GlobalSection(ProjectConfigurationPlatforms) = postSolution
		{17317D1D-D68E-4D60-8897-068A92703E3F}.Debug|x64.ActiveCfg = Debug|x64
		{17317D1D-D68E-4D60-8897-068A92703E3F}.Debug|x64.Build.0 = Debug|x64
		{17317D1D-D68E-4D60-8897-068A92703E3F}.Release|x64.ActiveCfg = Release|x64
		{17317D1D-D68E-4D60-8897-068A92703E3F}.Release|x64.Build.0 = Release|x64
		{D7BE7869-945D-432B-A702-48EC591D4FD5}.Debug|x64.ActiveCfg = Debug|x64
		{D7BE7869-945D-432B-A702-48EC591D4FD5}.Debug|x64.Build.0 = Debug|x64
		{D7BE7869-945D-432B-A702-48EC591D4FD5}.Release|x64.ActiveCfg = Release|x64
		{D7BE7869-945D-432B-A702-48EC591D4FD5}.Release|x64.Build.0 = Release|x64
	EndGlobalSection
	GlobalSection(SolutionProperties) = preSolution
		HideSolutionNode = FALSE
	EndGlobalSection
	GlobalSection(ExtensibilityGlobals) = postSolution
		SolutionGuid = {67670CDA-FEE1-4CC0-B012-6864D7390222}
	EndGlobalSection
EndGlobal
